
Microsoft Visual Studio Solution File, Format Version 12.00
# Visual Studio Version 16
VisualStudioVersion = 16.0.29215.179
MinimumVisualStudioVersion = 10.0.40219.1
Project("{E24C65DC-7377-472B-9ABA-BC803B73C61A}") = "Server", "Server", "{767C5F04-BF1F-4C7C-8199-76E60E17B961}"
	ProjectSection(WebsiteProperties) = preProject
		SccProjectName = "SAK"
		SccAuxPath = "SAK"
		SccLocalPath = "SAK"
		SccProvider = "SAK"
		TargetFrameworkMoniker = ".NETFramework,Version%3Dv4.0"
		Debug.AspNetCompiler.VirtualPath = "/Server"
		Debug.AspNetCompiler.PhysicalPath = "Server\"
		Debug.AspNetCompiler.TargetPath = "PrecompiledWeb\Server\"
		Debug.AspNetCompiler.Updateable = "true"
		Debug.AspNetCompiler.ForceOverwrite = "true"
		Debug.AspNetCompiler.FixedNames = "false"
		Debug.AspNetCompiler.Debug = "True"
		Release.AspNetCompiler.VirtualPath = "/Server"
		Release.AspNetCompiler.PhysicalPath = "Server\"
		Release.AspNetCompiler.TargetPath = "PrecompiledWeb\Server\"
		Release.AspNetCompiler.Updateable = "true"
		Release.AspNetCompiler.ForceOverwrite = "true"
		Release.AspNetCompiler.FixedNames = "false"
		Release.AspNetCompiler.Debug = "False"
		VWDPort = "1157"
		VWDDynamicPort = "false"
		SlnRelativePath = "Server\"
		StartServerOnDebug = "false"
	EndProjectSection
EndProject
Project("{2150E333-8FDC-42A3-9474-1A3956D46DE8}") = "GACTT", "GACTT", "{D85FFFF3-7667-4C33-B518-C22C2AC90FB3}"
EndProject
Project("{2150E333-8FDC-42A3-9474-1A3956D46DE8}") = "TestResourceLib", "TestResourceLib", "{3DAFB674-EE9D-4356-BB44-EC285DB164B0}"
EndProject
Project("{FAE04EC0-301F-11D3-BF4B-00C04F79EFBC}") = "Hoteam.InforCenter.TestResourceLib.Business", "GACTT\TestResourceLib\Hoteam.InforCenter.TestResourceLib.Business\Hoteam.InforCenter.TestResourceLib.Business.csproj", "{5FD361EF-E5BA-4C51-B522-90C87E27CA63}"
EndProject
Project("{FAE04EC0-301F-11D3-BF4B-00C04F79EFBC}") = "Hoteam.InforCenter.TestResourceLib.Interface", "GACTT\TestResourceLib\Hoteam.InforCenter.TestResourceLib.Interface\Hoteam.InforCenter.TestResourceLib.Interface.csproj", "{6A68A094-101E-4975-AD9D-552CB68AB862}"
EndProject
Project("{FAE04EC0-301F-11D3-BF4B-00C04F79EFBC}") = "Hoteam.InforCenter.TestResourceLib.Parameter", "GACTT\TestResourceLib\Hoteam.InforCenter.TestResourceLib.Parameter\Hoteam.InforCenter.TestResourceLib.Parameter.csproj", "{38CFDBC3-847E-40E1-952D-0FA6C1E94C38}"
EndProject
Project("{FAE04EC0-301F-11D3-BF4B-00C04F79EFBC}") = "Hoteam.InforCenter.TestResourceLib.Service", "GACTT\TestResourceLib\Hoteam.InforCenter.TestResourceLib.Service\Hoteam.InforCenter.TestResourceLib.Service.csproj", "{874E5364-9B68-453E-B923-5D5403252B59}"
EndProject
Project("{2150E333-8FDC-42A3-9474-1A3956D46DE8}") = "Common", "Common", "{390E2A9E-8A3D-488A-8E0E-E26DA4330C8A}"
EndProject
Project("{FAE04EC0-301F-11D3-BF4B-00C04F79EFBC}") = "Hoteam.GACTT.Common.Business", "GACTT\Common\Hoteam.InforCenter.Common.Business\Hoteam.GACTT.Common.Business.csproj", "{488D68EB-55C5-4E3E-BFEA-AEC55C68C5AC}"
EndProject
Project("{FAE04EC0-301F-11D3-BF4B-00C04F79EFBC}") = "Hoteam.GACTT.Common.Interface", "GACTT\Common\Hoteam.InforCenter.Common.Interface\Hoteam.GACTT.Common.Interface.csproj", "{ECD3AEF1-B19C-4094-8618-D5A4A7E169AB}"
EndProject
Project("{FAE04EC0-301F-11D3-BF4B-00C04F79EFBC}") = "Hoteam.GACTT.Common.Service", "GACTT\Common\Hoteam.InforCenter.Common.Service\Hoteam.GACTT.Common.Service.csproj", "{4DBD184E-4119-47F1-ABA5-E9B63FD88698}"
EndProject
Project("{FAE04EC0-301F-11D3-BF4B-00C04F79EFBC}") = "Hoteam.GACTT.Common.Parameter", "GACTT\Common\Hoteam.InforCenter.Common.Parameter\Hoteam.GACTT.Common.Parameter.csproj", "{77F4B819-728D-466D-8F1B-505E273EA9C7}"
EndProject
Project("{FAE04EC0-301F-11D3-BF4B-00C04F79EFBC}") = "Hoteam.GACTT.Commom.FileHandler", "GACTT\Common\Hoteam.InforCenter.Commom.FileHandler\Hoteam.GACTT.Commom.FileHandler.csproj", "{3C66BBB4-EA88-4BA2-BB0D-0D958D728C79}"
EndProject
Project("{2150E333-8FDC-42A3-9474-1A3956D46DE8}") = "GACProject", "GACProject", "{10DA9B6B-929A-441D-A8FB-FB7134420200}"
EndProject
Project("{FAE04EC0-301F-11D3-BF4B-00C04F79EFBC}") = "Hoteam.InforCenter.GACProject.Business", "GACTT\GACProject\Hoteam.InforCenter.GACProject.Business\Hoteam.InforCenter.GACProject.Business.csproj", "{9F364949-5301-4F4A-B219-DD98FD678E8C}"
EndProject
Project("{FAE04EC0-301F-11D3-BF4B-00C04F79EFBC}") = "Hoteam.InforCenter.GACProject.Service", "GACTT\GACProject\Hoteam.InforCenter.GACProject.Service\Hoteam.InforCenter.GACProject.Service.csproj", "{32B8FA16-F808-4936-8682-6740C3405402}"
EndProject
Project("{FAE04EC0-301F-11D3-BF4B-00C04F79EFBC}") = "Hoteam.InforCenter.GACProject.Parameter", "GACTT\GACProject\Hoteam.InforCenter.GACProject.Parameter\Hoteam.InforCenter.GACProject.Parameter.csproj", "{5EC0EBD6-F8CA-4A22-9DFC-33E329555285}"
EndProject
Project("{FAE04EC0-301F-11D3-BF4B-00C04F79EFBC}") = "Hoteam.InforCenter.GACProject.Interface", "GACTT\GACProject\Hoteam.InforCenter.GACProject.Interface\Hoteam.InforCenter.GACProject.Interface.csproj", "{3CEAFAC7-6BBD-4A24-8739-F1B6246CDBAB}"
EndProject
Project("{2150E333-8FDC-42A3-9474-1A3956D46DE8}") = "WorkSpace", "WorkSpace", "{DD9DE163-EA89-4A38-80FA-E466DE183963}"
EndProject
Project("{FAE04EC0-301F-11D3-BF4B-00C04F79EFBC}") = "Hoteam.InforCenter.WorkSpace.Business", "GACTT\WorkSpace\Hoteam.InforCenter.WorkSpace.Business\Hoteam.InforCenter.WorkSpace.Business.csproj", "{674FA642-97CC-4229-8558-4C3E09136F28}"
EndProject
Project("{FAE04EC0-301F-11D3-BF4B-00C04F79EFBC}") = "Hoteam.InforCenter.WorkSpace.Service", "GACTT\WorkSpace\Hoteam.InforCenter.WorkSpace.Service\Hoteam.InforCenter.WorkSpace.Service.csproj", "{7D660F82-76E1-4118-A262-4B0ECAB0F9A8}"
EndProject
Project("{FAE04EC0-301F-11D3-BF4B-00C04F79EFBC}") = "Hoteam.InforCenter.WorkSpace.Parameter", "GACTT\WorkSpace\Hoteam.InforCenter.WorkSpace.Parameter\Hoteam.InforCenter.WorkSpace.Parameter.csproj", "{0D0EE07A-114D-477D-B8C3-1430CC17DA2B}"
EndProject
Project("{FAE04EC0-301F-11D3-BF4B-00C04F79EFBC}") = "Hoteam.GACTT.Common.ObjectValue", "GACTT\Common\Hoteam.InforCenter.Common.ObjectValue\Hoteam.GACTT.Common.ObjectValue.csproj", "{53199D60-5076-482C-A75F-15900879F285}"
EndProject
Project("{2150E333-8FDC-42A3-9474-1A3956D46DE8}") = "TestPlan", "TestPlan", "{EABA5D20-1EAA-4FEF-8DE2-A0A19B722F3F}"
EndProject
Project("{FAE04EC0-301F-11D3-BF4B-00C04F79EFBC}") = "Hoteam.GACTT.TestPlan.Business", "GACTT\TestPlan\Hoteam.InforCenter.TestPlan.Business\Hoteam.GACTT.TestPlan.Business.csproj", "{1E8EED73-C409-4A3E-8F06-75D857B13345}"
EndProject
Project("{FAE04EC0-301F-11D3-BF4B-00C04F79EFBC}") = "Hoteam.GACTT.TestPlan.Service", "GACTT\TestPlan\Hoteam.InforCenter.TestPlan.Service\Hoteam.GACTT.TestPlan.Service.csproj", "{84FDB5D0-5CCD-4571-B835-F43246104540}"
EndProject
Project("{FAE04EC0-301F-11D3-BF4B-00C04F79EFBC}") = "Hoteam.GACTT.TestPlan.Interface", "GACTT\TestPlan\Hoteam.InforCenter.TestPlan.Interface\Hoteam.GACTT.TestPlan.Interface.csproj", "{EAA1BB3B-CC8D-4CCD-80B4-F7FC7E2810F5}"
EndProject
Project("{FAE04EC0-301F-11D3-BF4B-00C04F79EFBC}") = "Hoteam.GACTT.TestPlan.Parameter", "GACTT\TestPlan\Hoteam.InforCenter.TestPlan.Parameter\Hoteam.GACTT.TestPlan.Parameter.csproj", "{F4C62CC6-A329-4950-AEF1-4AC0095A8FF3}"
EndProject
Global
	GlobalSection(SolutionConfigurationPlatforms) = preSolution
		Debug|Any CPU = Debug|Any CPU
		Debug|Mixed Platforms = Debug|Mixed Platforms
		Debug|Win32 = Debug|Win32
		Debug|x86 = Debug|x86
		Release|Any CPU = Release|Any CPU
		Release|Mixed Platforms = Release|Mixed Platforms
		Release|Win32 = Release|Win32
		Release|x86 = Release|x86
	EndGlobalSection
	GlobalSection(ProjectConfigurationPlatforms) = postSolution
		{767C5F04-BF1F-4C7C-8199-76E60E17B961}.Debug|Any CPU.ActiveCfg = Debug|Any CPU
		{767C5F04-BF1F-4C7C-8199-76E60E17B961}.Debug|Any CPU.Build.0 = Debug|Any CPU
		{767C5F04-BF1F-4C7C-8199-76E60E17B961}.Debug|Mixed Platforms.ActiveCfg = Debug|Any CPU
		{767C5F04-BF1F-4C7C-8199-76E60E17B961}.Debug|Mixed Platforms.Build.0 = Debug|Any CPU
		{767C5F04-BF1F-4C7C-8199-76E60E17B961}.Debug|Win32.ActiveCfg = Debug|Any CPU
		{767C5F04-BF1F-4C7C-8199-76E60E17B961}.Debug|x86.ActiveCfg = Debug|Any CPU
		{767C5F04-BF1F-4C7C-8199-76E60E17B961}.Release|Any CPU.ActiveCfg = Debug|Any CPU
		{767C5F04-BF1F-4C7C-8199-76E60E17B961}.Release|Any CPU.Build.0 = Debug|Any CPU
		{767C5F04-BF1F-4C7C-8199-76E60E17B961}.Release|Mixed Platforms.ActiveCfg = Debug|Any CPU
		{767C5F04-BF1F-4C7C-8199-76E60E17B961}.Release|Mixed Platforms.Build.0 = Debug|Any CPU
		{767C5F04-BF1F-4C7C-8199-76E60E17B961}.Release|Win32.ActiveCfg = Debug|Any CPU
		{767C5F04-BF1F-4C7C-8199-76E60E17B961}.Release|x86.ActiveCfg = Debug|Any CPU
		{5FD361EF-E5BA-4C51-B522-90C87E27CA63}.Debug|Any CPU.ActiveCfg = Debug|Any CPU
		{5FD361EF-E5BA-4C51-B522-90C87E27CA63}.Debug|Any CPU.Build.0 = Debug|Any CPU
		{5FD361EF-E5BA-4C51-B522-90C87E27CA63}.Debug|Mixed Platforms.ActiveCfg = Debug|Any CPU
		{5FD361EF-E5BA-4C51-B522-90C87E27CA63}.Debug|Mixed Platforms.Build.0 = Debug|Any CPU
		{5FD361EF-E5BA-4C51-B522-90C87E27CA63}.Debug|Win32.ActiveCfg = Debug|Any CPU
		{5FD361EF-E5BA-4C51-B522-90C87E27CA63}.Debug|Win32.Build.0 = Debug|Any CPU
		{5FD361EF-E5BA-4C51-B522-90C87E27CA63}.Debug|x86.ActiveCfg = Debug|Any CPU
		{5FD361EF-E5BA-4C51-B522-90C87E27CA63}.Debug|x86.Build.0 = Debug|Any CPU
		{5FD361EF-E5BA-4C51-B522-90C87E27CA63}.Release|Any CPU.ActiveCfg = Release|Any CPU
		{5FD361EF-E5BA-4C51-B522-90C87E27CA63}.Release|Any CPU.Build.0 = Release|Any CPU
		{5FD361EF-E5BA-4C51-B522-90C87E27CA63}.Release|Mixed Platforms.ActiveCfg = Release|Any CPU
		{5FD361EF-E5BA-4C51-B522-90C87E27CA63}.Release|Mixed Platforms.Build.0 = Release|Any CPU
		{5FD361EF-E5BA-4C51-B522-90C87E27CA63}.Release|Win32.ActiveCfg = Release|Any CPU
		{5FD361EF-E5BA-4C51-B522-90C87E27CA63}.Release|Win32.Build.0 = Release|Any CPU
		{5FD361EF-E5BA-4C51-B522-90C87E27CA63}.Release|x86.ActiveCfg = Release|Any CPU
		{5FD361EF-E5BA-4C51-B522-90C87E27CA63}.Release|x86.Build.0 = Release|Any CPU
		{6A68A094-101E-4975-AD9D-552CB68AB862}.Debug|Any CPU.ActiveCfg = Debug|Any CPU
		{6A68A094-101E-4975-AD9D-552CB68AB862}.Debug|Any CPU.Build.0 = Debug|Any CPU
		{6A68A094-101E-4975-AD9D-552CB68AB862}.Debug|Mixed Platforms.ActiveCfg = Debug|Any CPU
		{6A68A094-101E-4975-AD9D-552CB68AB862}.Debug|Mixed Platforms.Build.0 = Debug|Any CPU
		{6A68A094-101E-4975-AD9D-552CB68AB862}.Debug|Win32.ActiveCfg = Debug|Any CPU
		{6A68A094-101E-4975-AD9D-552CB68AB862}.Debug|Win32.Build.0 = Debug|Any CPU
		{6A68A094-101E-4975-AD9D-552CB68AB862}.Debug|x86.ActiveCfg = Debug|Any CPU
		{6A68A094-101E-4975-AD9D-552CB68AB862}.Debug|x86.Build.0 = Debug|Any CPU
		{6A68A094-101E-4975-AD9D-552CB68AB862}.Release|Any CPU.ActiveCfg = Release|Any CPU
		{6A68A094-101E-4975-AD9D-552CB68AB862}.Release|Any CPU.Build.0 = Release|Any CPU
		{6A68A094-101E-4975-AD9D-552CB68AB862}.Release|Mixed Platforms.ActiveCfg = Release|Any CPU
		{6A68A094-101E-4975-AD9D-552CB68AB862}.Release|Mixed Platforms.Build.0 = Release|Any CPU
		{6A68A094-101E-4975-AD9D-552CB68AB862}.Release|Win32.ActiveCfg = Release|Any CPU
		{6A68A094-101E-4975-AD9D-552CB68AB862}.Release|Win32.Build.0 = Release|Any CPU
		{6A68A094-101E-4975-AD9D-552CB68AB862}.Release|x86.ActiveCfg = Release|Any CPU
		{6A68A094-101E-4975-AD9D-552CB68AB862}.Release|x86.Build.0 = Release|Any CPU
		{38CFDBC3-847E-40E1-952D-0FA6C1E94C38}.Debug|Any CPU.ActiveCfg = Debug|Any CPU
		{38CFDBC3-847E-40E1-952D-0FA6C1E94C38}.Debug|Any CPU.Build.0 = Debug|Any CPU
		{38CFDBC3-847E-40E1-952D-0FA6C1E94C38}.Debug|Mixed Platforms.ActiveCfg = Debug|Any CPU
		{38CFDBC3-847E-40E1-952D-0FA6C1E94C38}.Debug|Mixed Platforms.Build.0 = Debug|Any CPU
		{38CFDBC3-847E-40E1-952D-0FA6C1E94C38}.Debug|Win32.ActiveCfg = Debug|Any CPU
		{38CFDBC3-847E-40E1-952D-0FA6C1E94C38}.Debug|Win32.Build.0 = Debug|Any CPU
		{38CFDBC3-847E-40E1-952D-0FA6C1E94C38}.Debug|x86.ActiveCfg = Debug|Any CPU
		{38CFDBC3-847E-40E1-952D-0FA6C1E94C38}.Debug|x86.Build.0 = Debug|Any CPU
		{38CFDBC3-847E-40E1-952D-0FA6C1E94C38}.Release|Any CPU.ActiveCfg = Release|Any CPU
		{38CFDBC3-847E-40E1-952D-0FA6C1E94C38}.Release|Any CPU.Build.0 = Release|Any CPU
		{38CFDBC3-847E-40E1-952D-0FA6C1E94C38}.Release|Mixed Platforms.ActiveCfg = Release|Any CPU
		{38CFDBC3-847E-40E1-952D-0FA6C1E94C38}.Release|Mixed Platforms.Build.0 = Release|Any CPU
		{38CFDBC3-847E-40E1-952D-0FA6C1E94C38}.Release|Win32.ActiveCfg = Release|Any CPU
		{38CFDBC3-847E-40E1-952D-0FA6C1E94C38}.Release|Win32.Build.0 = Release|Any CPU
		{38CFDBC3-847E-40E1-952D-0FA6C1E94C38}.Release|x86.ActiveCfg = Release|Any CPU
		{38CFDBC3-847E-40E1-952D-0FA6C1E94C38}.Release|x86.Build.0 = Release|Any CPU
		{874E5364-9B68-453E-B923-5D5403252B59}.Debug|Any CPU.ActiveCfg = Debug|Any CPU
		{874E5364-9B68-453E-B923-5D5403252B59}.Debug|Any CPU.Build.0 = Debug|Any CPU
		{874E5364-9B68-453E-B923-5D5403252B59}.Debug|Mixed Platforms.ActiveCfg = Debug|Any CPU
		{874E5364-9B68-453E-B923-5D5403252B59}.Debug|Mixed Platforms.Build.0 = Debug|Any CPU
		{874E5364-9B68-453E-B923-5D5403252B59}.Debug|Win32.ActiveCfg = Debug|Any CPU
		{874E5364-9B68-453E-B923-5D5403252B59}.Debug|Win32.Build.0 = Debug|Any CPU
		{874E5364-9B68-453E-B923-5D5403252B59}.Debug|x86.ActiveCfg = Debug|Any CPU
		{874E5364-9B68-453E-B923-5D5403252B59}.Debug|x86.Build.0 = Debug|Any CPU
		{874E5364-9B68-453E-B923-5D5403252B59}.Release|Any CPU.ActiveCfg = Release|Any CPU
		{874E5364-9B68-453E-B923-5D5403252B59}.Release|Any CPU.Build.0 = Release|Any CPU
		{874E5364-9B68-453E-B923-5D5403252B59}.Release|Mixed Platforms.ActiveCfg = Release|Any CPU
		{874E5364-9B68-453E-B923-5D5403252B59}.Release|Mixed Platforms.Build.0 = Release|Any CPU
		{874E5364-9B68-453E-B923-5D5403252B59}.Release|Win32.ActiveCfg = Release|Any CPU
		{874E5364-9B68-453E-B923-5D5403252B59}.Release|Win32.Build.0 = Release|Any CPU
		{874E5364-9B68-453E-B923-5D5403252B59}.Release|x86.ActiveCfg = Release|Any CPU
		{874E5364-9B68-453E-B923-5D5403252B59}.Release|x86.Build.0 = Release|Any CPU
		{488D68EB-55C5-4E3E-BFEA-AEC55C68C5AC}.Debug|Any CPU.ActiveCfg = Debug|Any CPU
		{488D68EB-55C5-4E3E-BFEA-AEC55C68C5AC}.Debug|Any CPU.Build.0 = Debug|Any CPU
		{488D68EB-55C5-4E3E-BFEA-AEC55C68C5AC}.Debug|Mixed Platforms.ActiveCfg = Debug|Any CPU
		{488D68EB-55C5-4E3E-BFEA-AEC55C68C5AC}.Debug|Mixed Platforms.Build.0 = Debug|Any CPU
		{488D68EB-55C5-4E3E-BFEA-AEC55C68C5AC}.Debug|Win32.ActiveCfg = Debug|Any CPU
		{488D68EB-55C5-4E3E-BFEA-AEC55C68C5AC}.Debug|Win32.Build.0 = Debug|Any CPU
		{488D68EB-55C5-4E3E-BFEA-AEC55C68C5AC}.Debug|x86.ActiveCfg = Debug|Any CPU
		{488D68EB-55C5-4E3E-BFEA-AEC55C68C5AC}.Debug|x86.Build.0 = Debug|Any CPU
		{488D68EB-55C5-4E3E-BFEA-AEC55C68C5AC}.Release|Any CPU.ActiveCfg = Release|Any CPU
		{488D68EB-55C5-4E3E-BFEA-AEC55C68C5AC}.Release|Any CPU.Build.0 = Release|Any CPU
		{488D68EB-55C5-4E3E-BFEA-AEC55C68C5AC}.Release|Mixed Platforms.ActiveCfg = Release|Any CPU
		{488D68EB-55C5-4E3E-BFEA-AEC55C68C5AC}.Release|Mixed Platforms.Build.0 = Release|Any CPU
		{488D68EB-55C5-4E3E-BFEA-AEC55C68C5AC}.Release|Win32.ActiveCfg = Release|Any CPU
		{488D68EB-55C5-4E3E-BFEA-AEC55C68C5AC}.Release|Win32.Build.0 = Release|Any CPU
		{488D68EB-55C5-4E3E-BFEA-AEC55C68C5AC}.Release|x86.ActiveCfg = Release|Any CPU
		{488D68EB-55C5-4E3E-BFEA-AEC55C68C5AC}.Release|x86.Build.0 = Release|Any CPU
		{ECD3AEF1-B19C-4094-8618-D5A4A7E169AB}.Debug|Any CPU.ActiveCfg = Debug|Any CPU
		{ECD3AEF1-B19C-4094-8618-D5A4A7E169AB}.Debug|Any CPU.Build.0 = Debug|Any CPU
		{ECD3AEF1-B19C-4094-8618-D5A4A7E169AB}.Debug|Mixed Platforms.ActiveCfg = Debug|Any CPU
		{ECD3AEF1-B19C-4094-8618-D5A4A7E169AB}.Debug|Mixed Platforms.Build.0 = Debug|Any CPU
		{ECD3AEF1-B19C-4094-8618-D5A4A7E169AB}.Debug|Win32.ActiveCfg = Debug|Any CPU
		{ECD3AEF1-B19C-4094-8618-D5A4A7E169AB}.Debug|Win32.Build.0 = Debug|Any CPU
		{ECD3AEF1-B19C-4094-8618-D5A4A7E169AB}.Debug|x86.ActiveCfg = Debug|Any CPU
		{ECD3AEF1-B19C-4094-8618-D5A4A7E169AB}.Debug|x86.Build.0 = Debug|Any CPU
		{ECD3AEF1-B19C-4094-8618-D5A4A7E169AB}.Release|Any CPU.ActiveCfg = Release|Any CPU
		{ECD3AEF1-B19C-4094-8618-D5A4A7E169AB}.Release|Any CPU.Build.0 = Release|Any CPU
		{ECD3AEF1-B19C-4094-8618-D5A4A7E169AB}.Release|Mixed Platforms.ActiveCfg = Release|Any CPU
		{ECD3AEF1-B19C-4094-8618-D5A4A7E169AB}.Release|Mixed Platforms.Build.0 = Release|Any CPU
		{ECD3AEF1-B19C-4094-8618-D5A4A7E169AB}.Release|Win32.ActiveCfg = Release|Any CPU
		{ECD3AEF1-B19C-4094-8618-D5A4A7E169AB}.Release|Win32.Build.0 = Release|Any CPU
		{ECD3AEF1-B19C-4094-8618-D5A4A7E169AB}.Release|x86.ActiveCfg = Release|Any CPU
		{ECD3AEF1-B19C-4094-8618-D5A4A7E169AB}.Release|x86.Build.0 = Release|Any CPU
		{4DBD184E-4119-47F1-ABA5-E9B63FD88698}.Debug|Any CPU.ActiveCfg = Debug|Any CPU
		{4DBD184E-4119-47F1-ABA5-E9B63FD88698}.Debug|Any CPU.Build.0 = Debug|Any CPU
		{4DBD184E-4119-47F1-ABA5-E9B63FD88698}.Debug|Mixed Platforms.ActiveCfg = Debug|Any CPU
		{4DBD184E-4119-47F1-ABA5-E9B63FD88698}.Debug|Mixed Platforms.Build.0 = Debug|Any CPU
		{4DBD184E-4119-47F1-ABA5-E9B63FD88698}.Debug|Win32.ActiveCfg = Debug|Any CPU
		{4DBD184E-4119-47F1-ABA5-E9B63FD88698}.Debug|Win32.Build.0 = Debug|Any CPU
		{4DBD184E-4119-47F1-ABA5-E9B63FD88698}.Debug|x86.ActiveCfg = Debug|Any CPU
		{4DBD184E-4119-47F1-ABA5-E9B63FD88698}.Debug|x86.Build.0 = Debug|Any CPU
		{4DBD184E-4119-47F1-ABA5-E9B63FD88698}.Release|Any CPU.ActiveCfg = Release|Any CPU
		{4DBD184E-4119-47F1-ABA5-E9B63FD88698}.Release|Any CPU.Build.0 = Release|Any CPU
		{4DBD184E-4119-47F1-ABA5-E9B63FD88698}.Release|Mixed Platforms.ActiveCfg = Release|Any CPU
		{4DBD184E-4119-47F1-ABA5-E9B63FD88698}.Release|Mixed Platforms.Build.0 = Release|Any CPU
		{4DBD184E-4119-47F1-ABA5-E9B63FD88698}.Release|Win32.ActiveCfg = Release|Any CPU
		{4DBD184E-4119-47F1-ABA5-E9B63FD88698}.Release|Win32.Build.0 = Release|Any CPU
		{4DBD184E-4119-47F1-ABA5-E9B63FD88698}.Release|x86.ActiveCfg = Release|Any CPU
		{4DBD184E-4119-47F1-ABA5-E9B63FD88698}.Release|x86.Build.0 = Release|Any CPU
		{77F4B819-728D-466D-8F1B-505E273EA9C7}.Debug|Any CPU.ActiveCfg = Debug|Any CPU
		{77F4B819-728D-466D-8F1B-505E273EA9C7}.Debug|Any CPU.Build.0 = Debug|Any CPU
		{77F4B819-728D-466D-8F1B-505E273EA9C7}.Debug|Mixed Platforms.ActiveCfg = Debug|Any CPU
		{77F4B819-728D-466D-8F1B-505E273EA9C7}.Debug|Mixed Platforms.Build.0 = Debug|Any CPU
		{77F4B819-728D-466D-8F1B-505E273EA9C7}.Debug|Win32.ActiveCfg = Debug|Any CPU
		{77F4B819-728D-466D-8F1B-505E273EA9C7}.Debug|Win32.Build.0 = Debug|Any CPU
		{77F4B819-728D-466D-8F1B-505E273EA9C7}.Debug|x86.ActiveCfg = Debug|Any CPU
		{77F4B819-728D-466D-8F1B-505E273EA9C7}.Debug|x86.Build.0 = Debug|Any CPU
		{77F4B819-728D-466D-8F1B-505E273EA9C7}.Release|Any CPU.ActiveCfg = Release|Any CPU
		{77F4B819-728D-466D-8F1B-505E273EA9C7}.Release|Any CPU.Build.0 = Release|Any CPU
		{77F4B819-728D-466D-8F1B-505E273EA9C7}.Release|Mixed Platforms.ActiveCfg = Release|Any CPU
		{77F4B819-728D-466D-8F1B-505E273EA9C7}.Release|Mixed Platforms.Build.0 = Release|Any CPU
		{77F4B819-728D-466D-8F1B-505E273EA9C7}.Release|Win32.ActiveCfg = Release|Any CPU
		{77F4B819-728D-466D-8F1B-505E273EA9C7}.Release|Win32.Build.0 = Release|Any CPU
		{77F4B819-728D-466D-8F1B-505E273EA9C7}.Release|x86.ActiveCfg = Release|Any CPU
		{77F4B819-728D-466D-8F1B-505E273EA9C7}.Release|x86.Build.0 = Release|Any CPU
		{3C66BBB4-EA88-4BA2-BB0D-0D958D728C79}.Debug|Any CPU.ActiveCfg = Debug|Any CPU
		{3C66BBB4-EA88-4BA2-BB0D-0D958D728C79}.Debug|Any CPU.Build.0 = Debug|Any CPU
		{3C66BBB4-EA88-4BA2-BB0D-0D958D728C79}.Debug|Mixed Platforms.ActiveCfg = Debug|Any CPU
		{3C66BBB4-EA88-4BA2-BB0D-0D958D728C79}.Debug|Mixed Platforms.Build.0 = Debug|Any CPU
		{3C66BBB4-EA88-4BA2-BB0D-0D958D728C79}.Debug|Win32.ActiveCfg = Debug|Any CPU
		{3C66BBB4-EA88-4BA2-BB0D-0D958D728C79}.Debug|Win32.Build.0 = Debug|Any CPU
		{3C66BBB4-EA88-4BA2-BB0D-0D958D728C79}.Debug|x86.ActiveCfg = Debug|Any CPU
		{3C66BBB4-EA88-4BA2-BB0D-0D958D728C79}.Debug|x86.Build.0 = Debug|Any CPU
		{3C66BBB4-EA88-4BA2-BB0D-0D958D728C79}.Release|Any CPU.ActiveCfg = Release|Any CPU
		{3C66BBB4-EA88-4BA2-BB0D-0D958D728C79}.Release|Any CPU.Build.0 = Release|Any CPU
		{3C66BBB4-EA88-4BA2-BB0D-0D958D728C79}.Release|Mixed Platforms.ActiveCfg = Release|Any CPU
		{3C66BBB4-EA88-4BA2-BB0D-0D958D728C79}.Release|Mixed Platforms.Build.0 = Release|Any CPU
		{3C66BBB4-EA88-4BA2-BB0D-0D958D728C79}.Release|Win32.ActiveCfg = Release|Any CPU
		{3C66BBB4-EA88-4BA2-BB0D-0D958D728C79}.Release|Win32.Build.0 = Release|Any CPU
		{3C66BBB4-EA88-4BA2-BB0D-0D958D728C79}.Release|x86.ActiveCfg = Release|Any CPU
		{3C66BBB4-EA88-4BA2-BB0D-0D958D728C79}.Release|x86.Build.0 = Release|Any CPU
		{9F364949-5301-4F4A-B219-DD98FD678E8C}.Debug|Any CPU.ActiveCfg = Debug|Any CPU
		{9F364949-5301-4F4A-B219-DD98FD678E8C}.Debug|Any CPU.Build.0 = Debug|Any CPU
		{9F364949-5301-4F4A-B219-DD98FD678E8C}.Debug|Mixed Platforms.ActiveCfg = Debug|Any CPU
		{9F364949-5301-4F4A-B219-DD98FD678E8C}.Debug|Mixed Platforms.Build.0 = Debug|Any CPU
		{9F364949-5301-4F4A-B219-DD98FD678E8C}.Debug|Win32.ActiveCfg = Debug|Any CPU
		{9F364949-5301-4F4A-B219-DD98FD678E8C}.Debug|Win32.Build.0 = Debug|Any CPU
		{9F364949-5301-4F4A-B219-DD98FD678E8C}.Debug|x86.ActiveCfg = Debug|Any CPU
		{9F364949-5301-4F4A-B219-DD98FD678E8C}.Debug|x86.Build.0 = Debug|Any CPU
		{9F364949-5301-4F4A-B219-DD98FD678E8C}.Release|Any CPU.ActiveCfg = Release|Any CPU
		{9F364949-5301-4F4A-B219-DD98FD678E8C}.Release|Any CPU.Build.0 = Release|Any CPU
		{9F364949-5301-4F4A-B219-DD98FD678E8C}.Release|Mixed Platforms.ActiveCfg = Release|Any CPU
		{9F364949-5301-4F4A-B219-DD98FD678E8C}.Release|Mixed Platforms.Build.0 = Release|Any CPU
		{9F364949-5301-4F4A-B219-DD98FD678E8C}.Release|Win32.ActiveCfg = Release|Any CPU
		{9F364949-5301-4F4A-B219-DD98FD678E8C}.Release|Win32.Build.0 = Release|Any CPU
		{9F364949-5301-4F4A-B219-DD98FD678E8C}.Release|x86.ActiveCfg = Release|Any CPU
		{9F364949-5301-4F4A-B219-DD98FD678E8C}.Release|x86.Build.0 = Release|Any CPU
		{32B8FA16-F808-4936-8682-6740C3405402}.Debug|Any CPU.ActiveCfg = Debug|Any CPU
		{32B8FA16-F808-4936-8682-6740C3405402}.Debug|Any CPU.Build.0 = Debug|Any CPU
		{32B8FA16-F808-4936-8682-6740C3405402}.Debug|Mixed Platforms.ActiveCfg = Debug|Any CPU
		{32B8FA16-F808-4936-8682-6740C3405402}.Debug|Mixed Platforms.Build.0 = Debug|Any CPU
		{32B8FA16-F808-4936-8682-6740C3405402}.Debug|Win32.ActiveCfg = Debug|Any CPU
		{32B8FA16-F808-4936-8682-6740C3405402}.Debug|Win32.Build.0 = Debug|Any CPU
		{32B8FA16-F808-4936-8682-6740C3405402}.Debug|x86.ActiveCfg = Debug|Any CPU
		{32B8FA16-F808-4936-8682-6740C3405402}.Debug|x86.Build.0 = Debug|Any CPU
		{32B8FA16-F808-4936-8682-6740C3405402}.Release|Any CPU.ActiveCfg = Release|Any CPU
		{32B8FA16-F808-4936-8682-6740C3405402}.Release|Any CPU.Build.0 = Release|Any CPU
		{32B8FA16-F808-4936-8682-6740C3405402}.Release|Mixed Platforms.ActiveCfg = Release|Any CPU
		{32B8FA16-F808-4936-8682-6740C3405402}.Release|Mixed Platforms.Build.0 = Release|Any CPU
		{32B8FA16-F808-4936-8682-6740C3405402}.Release|Win32.ActiveCfg = Release|Any CPU
		{32B8FA16-F808-4936-8682-6740C3405402}.Release|Win32.Build.0 = Release|Any CPU
		{32B8FA16-F808-4936-8682-6740C3405402}.Release|x86.ActiveCfg = Release|Any CPU
		{32B8FA16-F808-4936-8682-6740C3405402}.Release|x86.Build.0 = Release|Any CPU
		{5EC0EBD6-F8CA-4A22-9DFC-33E329555285}.Debug|Any CPU.ActiveCfg = Debug|Any CPU
		{5EC0EBD6-F8CA-4A22-9DFC-33E329555285}.Debug|Any CPU.Build.0 = Debug|Any CPU
		{5EC0EBD6-F8CA-4A22-9DFC-33E329555285}.Debug|Mixed Platforms.ActiveCfg = Debug|Any CPU
		{5EC0EBD6-F8CA-4A22-9DFC-33E329555285}.Debug|Mixed Platforms.Build.0 = Debug|Any CPU
		{5EC0EBD6-F8CA-4A22-9DFC-33E329555285}.Debug|Win32.ActiveCfg = Debug|Any CPU
		{5EC0EBD6-F8CA-4A22-9DFC-33E329555285}.Debug|Win32.Build.0 = Debug|Any CPU
		{5EC0EBD6-F8CA-4A22-9DFC-33E329555285}.Debug|x86.ActiveCfg = Debug|Any CPU
		{5EC0EBD6-F8CA-4A22-9DFC-33E329555285}.Debug|x86.Build.0 = Debug|Any CPU
		{5EC0EBD6-F8CA-4A22-9DFC-33E329555285}.Release|Any CPU.ActiveCfg = Release|Any CPU
		{5EC0EBD6-F8CA-4A22-9DFC-33E329555285}.Release|Any CPU.Build.0 = Release|Any CPU
		{5EC0EBD6-F8CA-4A22-9DFC-33E329555285}.Release|Mixed Platforms.ActiveCfg = Release|Any CPU
		{5EC0EBD6-F8CA-4A22-9DFC-33E329555285}.Release|Mixed Platforms.Build.0 = Release|Any CPU
		{5EC0EBD6-F8CA-4A22-9DFC-33E329555285}.Release|Win32.ActiveCfg = Release|Any CPU
		{5EC0EBD6-F8CA-4A22-9DFC-33E329555285}.Release|Win32.Build.0 = Release|Any CPU
		{5EC0EBD6-F8CA-4A22-9DFC-33E329555285}.Release|x86.ActiveCfg = Release|Any CPU
		{5EC0EBD6-F8CA-4A22-9DFC-33E329555285}.Release|x86.Build.0 = Release|Any CPU
		{3CEAFAC7-6BBD-4A24-8739-F1B6246CDBAB}.Debug|Any CPU.ActiveCfg = Debug|Any CPU
		{3CEAFAC7-6BBD-4A24-8739-F1B6246CDBAB}.Debug|Any CPU.Build.0 = Debug|Any CPU
		{3CEAFAC7-6BBD-4A24-8739-F1B6246CDBAB}.Debug|Mixed Platforms.ActiveCfg = Debug|Any CPU
		{3CEAFAC7-6BBD-4A24-8739-F1B6246CDBAB}.Debug|Mixed Platforms.Build.0 = Debug|Any CPU
		{3CEAFAC7-6BBD-4A24-8739-F1B6246CDBAB}.Debug|Win32.ActiveCfg = Debug|Any CPU
		{3CEAFAC7-6BBD-4A24-8739-F1B6246CDBAB}.Debug|Win32.Build.0 = Debug|Any CPU
		{3CEAFAC7-6BBD-4A24-8739-F1B6246CDBAB}.Debug|x86.ActiveCfg = Debug|Any CPU
		{3CEAFAC7-6BBD-4A24-8739-F1B6246CDBAB}.Debug|x86.Build.0 = Debug|Any CPU
		{3CEAFAC7-6BBD-4A24-8739-F1B6246CDBAB}.Release|Any CPU.ActiveCfg = Release|Any CPU
		{3CEAFAC7-6BBD-4A24-8739-F1B6246CDBAB}.Release|Any CPU.Build.0 = Release|Any CPU
		{3CEAFAC7-6BBD-4A24-8739-F1B6246CDBAB}.Release|Mixed Platforms.ActiveCfg = Release|Any CPU
		{3CEAFAC7-6BBD-4A24-8739-F1B6246CDBAB}.Release|Mixed Platforms.Build.0 = Release|Any CPU
		{3CEAFAC7-6BBD-4A24-8739-F1B6246CDBAB}.Release|Win32.ActiveCfg = Release|Any CPU
		{3CEAFAC7-6BBD-4A24-8739-F1B6246CDBAB}.Release|Win32.Build.0 = Release|Any CPU
		{3CEAFAC7-6BBD-4A24-8739-F1B6246CDBAB}.Release|x86.ActiveCfg = Release|Any CPU
		{3CEAFAC7-6BBD-4A24-8739-F1B6246CDBAB}.Release|x86.Build.0 = Release|Any CPU
		{674FA642-97CC-4229-8558-4C3E09136F28}.Debug|Any CPU.ActiveCfg = Debug|Any CPU
		{674FA642-97CC-4229-8558-4C3E09136F28}.Debug|Any CPU.Build.0 = Debug|Any CPU
		{674FA642-97CC-4229-8558-4C3E09136F28}.Debug|Mixed Platforms.ActiveCfg = Debug|Any CPU
		{674FA642-97CC-4229-8558-4C3E09136F28}.Debug|Mixed Platforms.Build.0 = Debug|Any CPU
		{674FA642-97CC-4229-8558-4C3E09136F28}.Debug|Win32.ActiveCfg = Debug|Any CPU
		{674FA642-97CC-4229-8558-4C3E09136F28}.Debug|Win32.Build.0 = Debug|Any CPU
		{674FA642-97CC-4229-8558-4C3E09136F28}.Debug|x86.ActiveCfg = Debug|Any CPU
		{674FA642-97CC-4229-8558-4C3E09136F28}.Debug|x86.Build.0 = Debug|Any CPU
		{674FA642-97CC-4229-8558-4C3E09136F28}.Release|Any CPU.ActiveCfg = Release|Any CPU
		{674FA642-97CC-4229-8558-4C3E09136F28}.Release|Any CPU.Build.0 = Release|Any CPU
		{674FA642-97CC-4229-8558-4C3E09136F28}.Release|Mixed Platforms.ActiveCfg = Release|Any CPU
		{674FA642-97CC-4229-8558-4C3E09136F28}.Release|Mixed Platforms.Build.0 = Release|Any CPU
		{674FA642-97CC-4229-8558-4C3E09136F28}.Release|Win32.ActiveCfg = Release|Any CPU
		{674FA642-97CC-4229-8558-4C3E09136F28}.Release|Win32.Build.0 = Release|Any CPU
		{674FA642-97CC-4229-8558-4C3E09136F28}.Release|x86.ActiveCfg = Release|Any CPU
		{674FA642-97CC-4229-8558-4C3E09136F28}.Release|x86.Build.0 = Release|Any CPU
		{7D660F82-76E1-4118-A262-4B0ECAB0F9A8}.Debug|Any CPU.ActiveCfg = Debug|Any CPU
		{7D660F82-76E1-4118-A262-4B0ECAB0F9A8}.Debug|Any CPU.Build.0 = Debug|Any CPU
		{7D660F82-76E1-4118-A262-4B0ECAB0F9A8}.Debug|Mixed Platforms.ActiveCfg = Debug|Any CPU
		{7D660F82-76E1-4118-A262-4B0ECAB0F9A8}.Debug|Mixed Platforms.Build.0 = Debug|Any CPU
		{7D660F82-76E1-4118-A262-4B0ECAB0F9A8}.Debug|Win32.ActiveCfg = Debug|Any CPU
		{7D660F82-76E1-4118-A262-4B0ECAB0F9A8}.Debug|Win32.Build.0 = Debug|Any CPU
		{7D660F82-76E1-4118-A262-4B0ECAB0F9A8}.Debug|x86.ActiveCfg = Debug|Any CPU
		{7D660F82-76E1-4118-A262-4B0ECAB0F9A8}.Debug|x86.Build.0 = Debug|Any CPU
		{7D660F82-76E1-4118-A262-4B0ECAB0F9A8}.Release|Any CPU.ActiveCfg = Release|Any CPU
		{7D660F82-76E1-4118-A262-4B0ECAB0F9A8}.Release|Any CPU.Build.0 = Release|Any CPU
		{7D660F82-76E1-4118-A262-4B0ECAB0F9A8}.Release|Mixed Platforms.ActiveCfg = Release|Any CPU
		{7D660F82-76E1-4118-A262-4B0ECAB0F9A8}.Release|Mixed Platforms.Build.0 = Release|Any CPU
		{7D660F82-76E1-4118-A262-4B0ECAB0F9A8}.Release|Win32.ActiveCfg = Release|Any CPU
		{7D660F82-76E1-4118-A262-4B0ECAB0F9A8}.Release|Win32.Build.0 = Release|Any CPU
		{7D660F82-76E1-4118-A262-4B0ECAB0F9A8}.Release|x86.ActiveCfg = Release|Any CPU
		{7D660F82-76E1-4118-A262-4B0ECAB0F9A8}.Release|x86.Build.0 = Release|Any CPU
		{0D0EE07A-114D-477D-B8C3-1430CC17DA2B}.Debug|Any CPU.ActiveCfg = Debug|Any CPU
		{0D0EE07A-114D-477D-B8C3-1430CC17DA2B}.Debug|Any CPU.Build.0 = Debug|Any CPU
		{0D0EE07A-114D-477D-B8C3-1430CC17DA2B}.Debug|Mixed Platforms.ActiveCfg = Debug|Any CPU
		{0D0EE07A-114D-477D-B8C3-1430CC17DA2B}.Debug|Mixed Platforms.Build.0 = Debug|Any CPU
		{0D0EE07A-114D-477D-B8C3-1430CC17DA2B}.Debug|Win32.ActiveCfg = Debug|Any CPU
		{0D0EE07A-114D-477D-B8C3-1430CC17DA2B}.Debug|Win32.Build.0 = Debug|Any CPU
		{0D0EE07A-114D-477D-B8C3-1430CC17DA2B}.Debug|x86.ActiveCfg = Debug|Any CPU
		{0D0EE07A-114D-477D-B8C3-1430CC17DA2B}.Debug|x86.Build.0 = Debug|Any CPU
		{0D0EE07A-114D-477D-B8C3-1430CC17DA2B}.Release|Any CPU.ActiveCfg = Release|Any CPU
		{0D0EE07A-114D-477D-B8C3-1430CC17DA2B}.Release|Any CPU.Build.0 = Release|Any CPU
		{0D0EE07A-114D-477D-B8C3-1430CC17DA2B}.Release|Mixed Platforms.ActiveCfg = Release|Any CPU
		{0D0EE07A-114D-477D-B8C3-1430CC17DA2B}.Release|Mixed Platforms.Build.0 = Release|Any CPU
		{0D0EE07A-114D-477D-B8C3-1430CC17DA2B}.Release|Win32.ActiveCfg = Release|Any CPU
		{0D0EE07A-114D-477D-B8C3-1430CC17DA2B}.Release|Win32.Build.0 = Release|Any CPU
		{0D0EE07A-114D-477D-B8C3-1430CC17DA2B}.Release|x86.ActiveCfg = Release|Any CPU
		{0D0EE07A-114D-477D-B8C3-1430CC17DA2B}.Release|x86.Build.0 = Release|Any CPU
		{53199D60-5076-482C-A75F-15900879F285}.Debug|Any CPU.ActiveCfg = Debug|Any CPU
		{53199D60-5076-482C-A75F-15900879F285}.Debug|Any CPU.Build.0 = Debug|Any CPU
		{53199D60-5076-482C-A75F-15900879F285}.Debug|Mixed Platforms.ActiveCfg = Debug|Any CPU
		{53199D60-5076-482C-A75F-15900879F285}.Debug|Mixed Platforms.Build.0 = Debug|Any CPU
		{53199D60-5076-482C-A75F-15900879F285}.Debug|Win32.ActiveCfg = Debug|Any CPU
		{53199D60-5076-482C-A75F-15900879F285}.Debug|Win32.Build.0 = Debug|Any CPU
		{53199D60-5076-482C-A75F-15900879F285}.Debug|x86.ActiveCfg = Debug|Any CPU
		{53199D60-5076-482C-A75F-15900879F285}.Debug|x86.Build.0 = Debug|Any CPU
		{53199D60-5076-482C-A75F-15900879F285}.Release|Any CPU.ActiveCfg = Release|Any CPU
		{53199D60-5076-482C-A75F-15900879F285}.Release|Any CPU.Build.0 = Release|Any CPU
		{53199D60-5076-482C-A75F-15900879F285}.Release|Mixed Platforms.ActiveCfg = Release|Any CPU
		{53199D60-5076-482C-A75F-15900879F285}.Release|Mixed Platforms.Build.0 = Release|Any CPU
		{53199D60-5076-482C-A75F-15900879F285}.Release|Win32.ActiveCfg = Release|Any CPU
		{53199D60-5076-482C-A75F-15900879F285}.Release|Win32.Build.0 = Release|Any CPU
		{53199D60-5076-482C-A75F-15900879F285}.Release|x86.ActiveCfg = Release|Any CPU
		{53199D60-5076-482C-A75F-15900879F285}.Release|x86.Build.0 = Release|Any CPU
		{1E8EED73-C409-4A3E-8F06-75D857B13345}.Debug|Any CPU.ActiveCfg = Debug|Any CPU
		{1E8EED73-C409-4A3E-8F06-75D857B13345}.Debug|Any CPU.Build.0 = Debug|Any CPU
		{1E8EED73-C409-4A3E-8F06-75D857B13345}.Debug|Mixed Platforms.ActiveCfg = Debug|Any CPU
		{1E8EED73-C409-4A3E-8F06-75D857B13345}.Debug|Mixed Platforms.Build.0 = Debug|Any CPU
		{1E8EED73-C409-4A3E-8F06-75D857B13345}.Debug|Win32.ActiveCfg = Debug|Any CPU
		{1E8EED73-C409-4A3E-8F06-75D857B13345}.Debug|Win32.Build.0 = Debug|Any CPU
		{1E8EED73-C409-4A3E-8F06-75D857B13345}.Debug|x86.ActiveCfg = Debug|Any CPU
		{1E8EED73-C409-4A3E-8F06-75D857B13345}.Debug|x86.Build.0 = Debug|Any CPU
		{1E8EED73-C409-4A3E-8F06-75D857B13345}.Release|Any CPU.ActiveCfg = Release|Any CPU
		{1E8EED73-C409-4A3E-8F06-75D857B13345}.Release|Any CPU.Build.0 = Release|Any CPU
		{1E8EED73-C409-4A3E-8F06-75D857B13345}.Release|Mixed Platforms.ActiveCfg = Release|Any CPU
		{1E8EED73-C409-4A3E-8F06-75D857B13345}.Release|Mixed Platforms.Build.0 = Release|Any CPU
		{1E8EED73-C409-4A3E-8F06-75D857B13345}.Release|Win32.ActiveCfg = Release|Any CPU
		{1E8EED73-C409-4A3E-8F06-75D857B13345}.Release|Win32.Build.0 = Release|Any CPU
		{1E8EED73-C409-4A3E-8F06-75D857B13345}.Release|x86.ActiveCfg = Release|Any CPU
		{1E8EED73-C409-4A3E-8F06-75D857B13345}.Release|x86.Build.0 = Release|Any CPU
		{84FDB5D0-5CCD-4571-B835-F43246104540}.Debug|Any CPU.ActiveCfg = Debug|Any CPU
		{84FDB5D0-5CCD-4571-B835-F43246104540}.Debug|Any CPU.Build.0 = Debug|Any CPU
		{84FDB5D0-5CCD-4571-B835-F43246104540}.Debug|Mixed Platforms.ActiveCfg = Debug|Any CPU
		{84FDB5D0-5CCD-4571-B835-F43246104540}.Debug|Mixed Platforms.Build.0 = Debug|Any CPU
		{84FDB5D0-5CCD-4571-B835-F43246104540}.Debug|Win32.ActiveCfg = Debug|Any CPU
		{84FDB5D0-5CCD-4571-B835-F43246104540}.Debug|Win32.Build.0 = Debug|Any CPU
		{84FDB5D0-5CCD-4571-B835-F43246104540}.Debug|x86.ActiveCfg = Debug|Any CPU
		{84FDB5D0-5CCD-4571-B835-F43246104540}.Debug|x86.Build.0 = Debug|Any CPU
		{84FDB5D0-5CCD-4571-B835-F43246104540}.Release|Any CPU.ActiveCfg = Release|Any CPU
		{84FDB5D0-5CCD-4571-B835-F43246104540}.Release|Any CPU.Build.0 = Release|Any CPU
		{84FDB5D0-5CCD-4571-B835-F43246104540}.Release|Mixed Platforms.ActiveCfg = Release|Any CPU
		{84FDB5D0-5CCD-4571-B835-F43246104540}.Release|Mixed Platforms.Build.0 = Release|Any CPU
		{84FDB5D0-5CCD-4571-B835-F43246104540}.Release|Win32.ActiveCfg = Release|Any CPU
		{84FDB5D0-5CCD-4571-B835-F43246104540}.Release|Win32.Build.0 = Release|Any CPU
		{84FDB5D0-5CCD-4571-B835-F43246104540}.Release|x86.ActiveCfg = Release|Any CPU
		{84FDB5D0-5CCD-4571-B835-F43246104540}.Release|x86.Build.0 = Release|Any CPU
		{EAA1BB3B-CC8D-4CCD-80B4-F7FC7E2810F5}.Debug|Any CPU.ActiveCfg = Debug|Any CPU
		{EAA1BB3B-CC8D-4CCD-80B4-F7FC7E2810F5}.Debug|Any CPU.Build.0 = Debug|Any CPU
		{EAA1BB3B-CC8D-4CCD-80B4-F7FC7E2810F5}.Debug|Mixed Platforms.ActiveCfg = Debug|Any CPU
		{EAA1BB3B-CC8D-4CCD-80B4-F7FC7E2810F5}.Debug|Mixed Platforms.Build.0 = Debug|Any CPU
		{EAA1BB3B-CC8D-4CCD-80B4-F7FC7E2810F5}.Debug|Win32.ActiveCfg = Debug|Any CPU
		{EAA1BB3B-CC8D-4CCD-80B4-F7FC7E2810F5}.Debug|Win32.Build.0 = Debug|Any CPU
		{EAA1BB3B-CC8D-4CCD-80B4-F7FC7E2810F5}.Debug|x86.ActiveCfg = Debug|Any CPU
		{EAA1BB3B-CC8D-4CCD-80B4-F7FC7E2810F5}.Debug|x86.Build.0 = Debug|Any CPU
		{EAA1BB3B-CC8D-4CCD-80B4-F7FC7E2810F5}.Release|Any CPU.ActiveCfg = Release|Any CPU
		{EAA1BB3B-CC8D-4CCD-80B4-F7FC7E2810F5}.Release|Any CPU.Build.0 = Release|Any CPU
		{EAA1BB3B-CC8D-4CCD-80B4-F7FC7E2810F5}.Release|Mixed Platforms.ActiveCfg = Release|Any CPU
		{EAA1BB3B-CC8D-4CCD-80B4-F7FC7E2810F5}.Release|Mixed Platforms.Build.0 = Release|Any CPU
		{EAA1BB3B-CC8D-4CCD-80B4-F7FC7E2810F5}.Release|Win32.ActiveCfg = Release|Any CPU
		{EAA1BB3B-CC8D-4CCD-80B4-F7FC7E2810F5}.Release|Win32.Build.0 = Release|Any CPU
		{EAA1BB3B-CC8D-4CCD-80B4-F7FC7E2810F5}.Release|x86.ActiveCfg = Release|Any CPU
		{EAA1BB3B-CC8D-4CCD-80B4-F7FC7E2810F5}.Release|x86.Build.0 = Release|Any CPU
		{F4C62CC6-A329-4950-AEF1-4AC0095A8FF3}.Debug|Any CPU.ActiveCfg = Debug|Any CPU
		{F4C62CC6-A329-4950-AEF1-4AC0095A8FF3}.Debug|Any CPU.Build.0 = Debug|Any CPU
		{F4C62CC6-A329-4950-AEF1-4AC0095A8FF3}.Debug|Mixed Platforms.ActiveCfg = Debug|Any CPU
		{F4C62CC6-A329-4950-AEF1-4AC0095A8FF3}.Debug|Mixed Platforms.Build.0 = Debug|Any CPU
		{F4C62CC6-A329-4950-AEF1-4AC0095A8FF3}.Debug|Win32.ActiveCfg = Debug|Any CPU
		{F4C62CC6-A329-4950-AEF1-4AC0095A8FF3}.Debug|Win32.Build.0 = Debug|Any CPU
		{F4C62CC6-A329-4950-AEF1-4AC0095A8FF3}.Debug|x86.ActiveCfg = Debug|Any CPU
		{F4C62CC6-A329-4950-AEF1-4AC0095A8FF3}.Debug|x86.Build.0 = Debug|Any CPU
		{F4C62CC6-A329-4950-AEF1-4AC0095A8FF3}.Release|Any CPU.ActiveCfg = Release|Any CPU
		{F4C62CC6-A329-4950-AEF1-4AC0095A8FF3}.Release|Any CPU.Build.0 = Release|Any CPU
		{F4C62CC6-A329-4950-AEF1-4AC0095A8FF3}.Release|Mixed Platforms.ActiveCfg = Release|Any CPU
		{F4C62CC6-A329-4950-AEF1-4AC0095A8FF3}.Release|Mixed Platforms.Build.0 = Release|Any CPU
		{F4C62CC6-A329-4950-AEF1-4AC0095A8FF3}.Release|Win32.ActiveCfg = Release|Any CPU
		{F4C62CC6-A329-4950-AEF1-4AC0095A8FF3}.Release|Win32.Build.0 = Release|Any CPU
		{F4C62CC6-A329-4950-AEF1-4AC0095A8FF3}.Release|x86.ActiveCfg = Release|Any CPU
		{F4C62CC6-A329-4950-AEF1-4AC0095A8FF3}.Release|x86.Build.0 = Release|Any CPU
	EndGlobalSection
	GlobalSection(SolutionProperties) = preSolution
		HideSolutionNode = FALSE
	EndGlobalSection
	GlobalSection(NestedProjects) = preSolution
		{3DAFB674-EE9D-4356-BB44-EC285DB164B0} = {D85FFFF3-7667-4C33-B518-C22C2AC90FB3}
		{5FD361EF-E5BA-4C51-B522-90C87E27CA63} = {3DAFB674-EE9D-4356-BB44-EC285DB164B0}
		{6A68A094-101E-4975-AD9D-552CB68AB862} = {3DAFB674-EE9D-4356-BB44-EC285DB164B0}
		{38CFDBC3-847E-40E1-952D-0FA6C1E94C38} = {3DAFB674-EE9D-4356-BB44-EC285DB164B0}
		{874E5364-9B68-453E-B923-5D5403252B59} = {3DAFB674-EE9D-4356-BB44-EC285DB164B0}
		{390E2A9E-8A3D-488A-8E0E-E26DA4330C8A} = {D85FFFF3-7667-4C33-B518-C22C2AC90FB3}
		{488D68EB-55C5-4E3E-BFEA-AEC55C68C5AC} = {390E2A9E-8A3D-488A-8E0E-E26DA4330C8A}
		{ECD3AEF1-B19C-4094-8618-D5A4A7E169AB} = {390E2A9E-8A3D-488A-8E0E-E26DA4330C8A}
		{4DBD184E-4119-47F1-ABA5-E9B63FD88698} = {390E2A9E-8A3D-488A-8E0E-E26DA4330C8A}
		{77F4B819-728D-466D-8F1B-505E273EA9C7} = {390E2A9E-8A3D-488A-8E0E-E26DA4330C8A}
		{3C66BBB4-EA88-4BA2-BB0D-0D958D728C79} = {390E2A9E-8A3D-488A-8E0E-E26DA4330C8A}
		{10DA9B6B-929A-441D-A8FB-FB7134420200} = {D85FFFF3-7667-4C33-B518-C22C2AC90FB3}
		{9F364949-5301-4F4A-B219-DD98FD678E8C} = {10DA9B6B-929A-441D-A8FB-FB7134420200}
		{32B8FA16-F808-4936-8682-6740C3405402} = {10DA9B6B-929A-441D-A8FB-FB7134420200}
		{5EC0EBD6-F8CA-4A22-9DFC-33E329555285} = {10DA9B6B-929A-441D-A8FB-FB7134420200}
		{3CEAFAC7-6BBD-4A24-8739-F1B6246CDBAB} = {10DA9B6B-929A-441D-A8FB-FB7134420200}
		{DD9DE163-EA89-4A38-80FA-E466DE183963} = {D85FFFF3-7667-4C33-B518-C22C2AC90FB3}
		{674FA642-97CC-4229-8558-4C3E09136F28} = {DD9DE163-EA89-4A38-80FA-E466DE183963}
		{7D660F82-76E1-4118-A262-4B0ECAB0F9A8} = {DD9DE163-EA89-4A38-80FA-E466DE183963}
		{0D0EE07A-114D-477D-B8C3-1430CC17DA2B} = {DD9DE163-EA89-4A38-80FA-E466DE183963}
		{53199D60-5076-482C-A75F-15900879F285} = {390E2A9E-8A3D-488A-8E0E-E26DA4330C8A}
		{EABA5D20-1EAA-4FEF-8DE2-A0A19B722F3F} = {D85FFFF3-7667-4C33-B518-C22C2AC90FB3}
		{1E8EED73-C409-4A3E-8F06-75D857B13345} = {EABA5D20-1EAA-4FEF-8DE2-A0A19B722F3F}
		{84FDB5D0-5CCD-4571-B835-F43246104540} = {EABA5D20-1EAA-4FEF-8DE2-A0A19B722F3F}
		{EAA1BB3B-CC8D-4CCD-80B4-F7FC7E2810F5} = {EABA5D20-1EAA-4FEF-8DE2-A0A19B722F3F}
		{F4C62CC6-A329-4950-AEF1-4AC0095A8FF3} = {EABA5D20-1EAA-4FEF-8DE2-A0A19B722F3F}
	EndGlobalSection
	GlobalSection(ExtensibilityGlobals) = postSolution
		SolutionGuid = {42973D51-49E4-4A14-93A3-83008C9EC0AF}
	EndGlobalSection
EndGlobal
